{
  "originHash" : "d87a464d9289674cfdb91f9886d0fc084c13087666380bf4da61bae8d353846c",
  "pins" : [
    {
      "identity" : "symaira-appkit",
      "kind" : "remoteSourceControl",
      "location" : "https://github.com/danieljustus/symaira-appkit.git",
      "state" : {
        "revision" : "f38b7c08f90ff2d0af485d9edfdb0ea750d6c3a6",
        "version" : "0.1.1"
      }
    }
  ],
  "version" : 3
}
