{
  "originHash" : "59d6186e22e7b6923926dc9bc1c95e806a76d8bf29543c3421db0c65c5121bb2",
  "pins" : [
    {
      "identity" : "symaira-appkit",
      "kind" : "remoteSourceControl",
      "location" : "https://github.com/danieljustus/symaira-appkit.git",
      "state" : {
        "revision" : "350f91658a4bb7cd12254eb433728227ce9e9bc8",
        "version" : "0.2.0"
      }
    }
  ],
  "version" : 3
}
